
Microsoft Visual Studio Solution File, Format Version 12.00
# Visual Studio Version 17
VisualStudioVersion = 17.8.34525.116
MinimumVisualStudioVersion = 10.0.40219.1
Project("{FAE04EC0-301F-11D3-BF4B-00C04F79EFBC}") = "Sortowanie", "Sortowanie\Sortowanie.csproj", "{6E646E59-2A28-4701-B896-4843E41298AF}"
EndProject
Global
	GlobalSection(SolutionConfigurationPlatforms) = preSolution
		Debug|Any CPU = Debug|Any CPU
		Release|Any CPU = Release|Any CPU
	EndGlobalSection
	GlobalSection(ProjectConfigurationPlatforms) = postSolution
		{6E646E59-2A28-4701-B896-4843E41298AF}.Debug|Any CPU.ActiveCfg = Debug|Any CPU
		{6E646E59-2A28-4701-B896-4843E41298AF}.Debug|Any CPU.Build.0 = Debug|Any CPU
		{6E646E59-2A28-4701-B896-4843E41298AF}.Release|Any CPU.ActiveCfg = Release|Any CPU
		{6E646E59-2A28-4701-B896-4843E41298AF}.Release|Any CPU.Build.0 = Release|Any CPU
	EndGlobalSection
	GlobalSection(SolutionProperties) = preSolution
		HideSolutionNode = FALSE
	EndGlobalSection
	GlobalSection(ExtensibilityGlobals) = postSolution
		SolutionGuid = {970668E1-5CBC-4FE5-982A-624AB4FC6AA4}
	EndGlobalSection
EndGlobal
